<?xml version="1.0" encoding="utf-8"?>
<Project ToolsVersion="4.0" xmlns="http://schemas.microsoft.com/developer/msbuild/2003">
  <ItemGroup>
    <Filter Include="Archivos de origen">
      <UniqueIdentifier>{4FC737F1-C7A5-4376-A066-2A32D752A2FF}</UniqueIdentifier>
      <Extensions>cpp;c;cc;cxx;def;odl;idl;hpj;bat;asm;asmx</Extensions>
    </Filter>
    <Filter Include="Archivos de encabezado">
      <UniqueIdentifier>{93995380-89BD-4b04-88EB-625FBE52EBFB}</UniqueIdentifier>
      <Extensions>h;hh;hpp;hxx;hm;inl;inc;ipp;xsd</Extensions>
    </Filter>
    <Filter Include="Archivos de recursos">
      <UniqueIdentifier>{67DA6AB6-F800-4c08-8B7A-83BB121AAD01}</UniqueIdentifier>
      <Extensions>rc;ico;cur;bmp;dlg;rc2;rct;bin;rgs;gif;jpg;jpeg;jpe;resx;tiff;tif;png;wav;mfcribbon-ms</Extensions>
    </Filter>
    <Filter Include="Archivos de encabezado\Algorithms">
      <UniqueIdentifier>{49f786f9-733b-49a8-9fb3-9f113b42780e}</UniqueIdentifier>
    </Filter>
    <Filter Include="Archivos de origen\Algorithm">
      <UniqueIdentifier>{1054bc7b-f1eb-4259-8845-f40b8dffa288}</UniqueIdentifier>
    </Filter>
    <Filter Include="Archivos de encabezado\Algorithms\Generators">
      <UniqueIdentifier>{432f632c-ccee-4500-bc54-73179de4f7fb}</UniqueIdentifier>
    </Filter>
    <Filter Include="Archivos de encabezado\Algorithms\Eroders">
      <UniqueIdentifier>{c4a7c9bc-fee0-4b58-8c09-47a445ad272c}</UniqueIdentifier>
    </Filter>
    <Filter Include="Archivos de origen\Algorithm\Generators">
      <UniqueIdentifier>{a69bfe47-3b27-4576-b96a-3b227525c41d}</UniqueIdentifier>
    </Filter>
    <Filter Include="Archivos de origen\Algorithm\Eroders">
      <UniqueIdentifier>{8cff0ff4-21bc-45f4-bc7e-d7637c98e56c}</UniqueIdentifier>
    </Filter>
  </ItemGroup>
  <ItemGroup>
    <ClCompile Include="..\src\Heightmap\Heightmap.cpp">
      <Filter>Archivos de origen</Filter>
    </ClCompile>
    <ClCompile Include="..\src\Tools\TerrainGenerationTools.cpp">
      <Filter>Archivos de origen</Filter>
    </ClCompile>
    <ClCompile Include="..\src\UserAPI\UserAPI.cpp">
      <Filter>Archivos de origen</Filter>
    </ClCompile>
    <ClCompile Include="..\src\Algorithms\CutAlgorithm\CutAlgorithm.cpp">
      <Filter>Archivos de origen\Algorithm\Generators</Filter>
    </ClCompile>
    <ClCompile Include="..\src\Algorithms\MidPointDisplacement\MidPointDisplacement.cpp">
      <Filter>Archivos de origen\Algorithm\Generators</Filter>
    </ClCompile>
    <ClCompile Include="..\src\Algorithms\Voronoi\VoronoiDiagram.cpp">
      <Filter>Archivos de origen\Algorithm\Generators</Filter>
    </ClCompile>
    <ClCompile Include="..\src\Algorithms\Perlin Noise\PerlinNoise.cpp">
      <Filter>Archivos de origen\Algorithm\Generators</Filter>
    </ClCompile>
    <ClCompile Include="..\src\Algorithms\Eroders\Eroders.cpp">
      <Filter>Archivos de origen\Algorithm\Eroders</Filter>
    </ClCompile>
  </ItemGroup>
  <ItemGroup>
    <ClInclude Include="..\src\Heightmap\Heightmap.h">
      <Filter>Archivos de encabezado</Filter>
    </ClInclude>
    <ClInclude Include="..\src\Tools\TerrainGenerationTools.h">
      <Filter>Archivos de encabezado</Filter>
    </ClInclude>
    <ClInclude Include="..\src\UserAPI\UserAPI.h">
      <Filter>Archivos de encabezado</Filter>
    </ClInclude>
    <ClInclude Include="..\src\Algorithms\Voronoi\VoronoiDiagram.h">
      <Filter>Archivos de encabezado\Algorithms\Generators</Filter>
    </ClInclude>
    <ClInclude Include="..\src\Algorithms\Perlin Noise\PerlinNoise.h">
      <Filter>Archivos de encabezado\Algorithms\Generators</Filter>
    </ClInclude>
    <ClInclude Include="..\src\Algorithms\MidPointDisplacement\MidPointDisplacement.h">
      <Filter>Archivos de encabezado\Algorithms\Generators</Filter>
    </ClInclude>
    <ClInclude Include="..\src\Algorithms\CutAlgorithm\CutAlgorithm.h">
      <Filter>Archivos de encabezado\Algorithms\Generators</Filter>
    </ClInclude>
    <ClInclude Include="..\src\Algorithms\Eroders\Eroders.h">
      <Filter>Archivos de encabezado\Algorithms\Eroders</Filter>
    </ClInclude>
    <ClInclude Include="..\src\Algorithms\Algorithms.h">
      <Filter>Archivos de encabezado\Algorithms</Filter>
    </ClInclude>
    <ClInclude Include="..\src\Algorithms\IAlgorithm.h">
      <Filter>Archivos de encabezado\Algorithms\Generators</Filter>
    </ClInclude>
  </ItemGroup>
</Project>